// !$*UTF8*$!
{
	archiveVersion = 1;
	classes = {
	};
	objectVersion = 48;
	objects = {

/* Begin PBXBuildFile section */
		7E1124AF1F9C290D00433E64 /* SettingsViewController.swift in Sources */ = {isa = PBXBuildFile; fileRef = 7E1124AD1F9C290D00433E64 /* SettingsViewController.swift */; };
		7E1124B01F9C290D00433E64 /* VirtualObjectSelectionViewController.swift in Sources */ = {isa = PBXBuildFile; fileRef = 7E1124AE1F9C290D00433E64 /* VirtualObjectSelectionViewController.swift */; };
		7E1124CA1F9C291B00433E64 /* UIColorExtension.swift in Sources */ = {isa = PBXBuildFile; fileRef = 7E1124B21F9C291A00433E64 /* UIColorExtension.swift */; };
		7E1124CB1F9C291B00433E64 /* UIViewExtension.swift in Sources */ = {isa = PBXBuildFile; fileRef = 7E1124B31F9C291A00433E64 /* UIViewExtension.swift */; };
		7E1124CC1F9C291B00433E64 /* FocusSquare.swift in Sources */ = {isa = PBXBuildFile; fileRef = 7E1124B61F9C291A00433E64 /* FocusSquare.swift */; };
		7E1124CD1F9C291B00433E64 /* FocusSquareSegment.swift in Sources */ = {isa = PBXBuildFile; fileRef = 7E1124B71F9C291A00433E64 /* FocusSquareSegment.swift */; };
		7E1124CE1F9C291B00433E64 /* Gesture.swift in Sources */ = {isa = PBXBuildFile; fileRef = 7E1124B91F9C291A00433E64 /* Gesture.swift */; };
		7E1124CF1F9C291B00433E64 /* SingleFingerGesture.swift in Sources */ = {isa = PBXBuildFile; fileRef = 7E1124BA1F9C291A00433E64 /* SingleFingerGesture.swift */; };
		7E1124D01F9C291B00433E64 /* TwoFingerGesture.swift in Sources */ = {isa = PBXBuildFile; fileRef = 7E1124BB1F9C291A00433E64 /* TwoFingerGesture.swift */; };
		7E1124D11F9C291B00433E64 /* Plane.swift in Sources */ = {isa = PBXBuildFile; fileRef = 7E1124BC1F9C291A00433E64 /* Plane.swift */; };
		7E1124D21F9C291B00433E64 /* ARSCNView+HitTests.swift in Sources */ = {isa = PBXBuildFile; fileRef = 7E1124BE1F9C291B00433E64 /* ARSCNView+HitTests.swift */; };
		7E1124D31F9C291B00433E64 /* SceneExtensions.swift in Sources */ = {isa = PBXBuildFile; fileRef = 7E1124BF1F9C291B00433E64 /* SceneExtensions.swift */; };
		7E1124D41F9C291B00433E64 /* TextManager.swift in Sources */ = {isa = PBXBuildFile; fileRef = 7E1124C01F9C291B00433E64 /* TextManager.swift */; };
		7E1124D51F9C291B00433E64 /* Utilities.swift in Sources */ = {isa = PBXBuildFile; fileRef = 7E1124C11F9C291B00433E64 /* Utilities.swift */; };
		7E1124D61F9C291B00433E64 /* Main.storyboard in Resources */ = {isa = PBXBuildFile; fileRef = 7E1124C31F9C291B00433E64 /* Main.storyboard */; };
		7E1124D71F9C291B00433E64 /* Assets.xcassets in Resources */ = {isa = PBXBuildFile; fileRef = 7E1124C61F9C291B00433E64 /* Assets.xcassets */; };
		7E1124D91F9C291B00433E64 /* LaunchScreen.storyboard in Resources */ = {isa = PBXBuildFile; fileRef = 7E1124C81F9C291B00433E64 /* LaunchScreen.storyboard */; };
		7E1124DA1F9C291B00433E64 /* Models.scnassets in Resources */ = {isa = PBXBuildFile; fileRef = 7E1124C91F9C291B00433E64 /* Models.scnassets */; };
		7E1124E01F9C292200433E64 /* VirtualObjectManager.swift in Sources */ = {isa = PBXBuildFile; fileRef = 7E1124DC1F9C292200433E64 /* VirtualObjectManager.swift */; };
		7E1124E11F9C292200433E64 /* VirtualObjects.json in Resources */ = {isa = PBXBuildFile; fileRef = 7E1124DD1F9C292200433E64 /* VirtualObjects.json */; };
		7E1124E21F9C292200433E64 /* SearchViewController.swift in Sources */ = {isa = PBXBuildFile; fileRef = 7E1124DF1F9C292200433E64 /* SearchViewController.swift */; };
		7E1124E41F9C292B00433E64 /* VirtualObject.swift in Sources */ = {isa = PBXBuildFile; fileRef = 7E1124E31F9C292B00433E64 /* VirtualObject.swift */; };
		7E1124EA1F9C294200433E64 /* ViewController.swift in Sources */ = {isa = PBXBuildFile; fileRef = 7E1124E51F9C294200433E64 /* ViewController.swift */; };
		7E1124EB1F9C294200433E64 /* ViewController+ARSCNViewDelegate.swift in Sources */ = {isa = PBXBuildFile; fileRef = 7E1124E61F9C294200433E64 /* ViewController+ARSCNViewDelegate.swift */; };
		7E1124EC1F9C294200433E64 /* ViewController+ObjectSelection.swift in Sources */ = {isa = PBXBuildFile; fileRef = 7E1124E71F9C294200433E64 /* ViewController+ObjectSelection.swift */; };
		7E1124ED1F9C294200433E64 /* AppDelegate.swift in Sources */ = {isa = PBXBuildFile; fileRef = 7E1124E81F9C294200433E64 /* AppDelegate.swift */; };
		7E1124EE1F9C294200433E64 /* ViewController+Actions.swift in Sources */ = {isa = PBXBuildFile; fileRef = 7E1124E91F9C294200433E64 /* ViewController+Actions.swift */; };
		7E1124F21F9C29AD00433E64 /* Info.plist in Resources */ = {isa = PBXBuildFile; fileRef = 7E1124F11F9C29AD00433E64 /* Info.plist */; };
		DD3989AA19B3A2486A7382E8 /* Pods_ARShop.framework in Frameworks */ = {isa = PBXBuildFile; fileRef = F9322C1438CF2573F421ACFB /* Pods_ARShop.framework */; };
/* End PBXBuildFile section */

/* Begin PBXFileReference section */
		32D4667A6F066754B9E4293D /* Pods-ARShop.release.xcconfig */ = {isa = PBXFileReference; includeInIndex = 1; lastKnownFileType = text.xcconfig; name = "Pods-ARShop.release.xcconfig"; path = "Pods/Target Support Files/Pods-ARShop/Pods-ARShop.release.xcconfig"; sourceTree = "<group>"; };
		7E1124AD1F9C290D00433E64 /* SettingsViewController.swift */ = {isa = PBXFileReference; fileEncoding = 4; lastKnownFileType = sourcecode.swift; path = SettingsViewController.swift; sourceTree = "<group>"; };
		7E1124AE1F9C290D00433E64 /* VirtualObjectSelectionViewController.swift */ = {isa = PBXFileReference; fileEncoding = 4; lastKnownFileType = sourcecode.swift; path = VirtualObjectSelectionViewController.swift; sourceTree = "<group>"; };
		7E1124B21F9C291A00433E64 /* UIColorExtension.swift */ = {isa = PBXFileReference; fileEncoding = 4; lastKnownFileType = sourcecode.swift; path = UIColorExtension.swift; sourceTree = "<group>"; };
		7E1124B31F9C291A00433E64 /* UIViewExtension.swift */ = {isa = PBXFileReference; fileEncoding = 4; lastKnownFileType = sourcecode.swift; path = UIViewExtension.swift; sourceTree = "<group>"; };
		7E1124B61F9C291A00433E64 /* FocusSquare.swift */ = {isa = PBXFileReference; fileEncoding = 4; lastKnownFileType = sourcecode.swift; path = FocusSquare.swift; sourceTree = "<group>"; };
		7E1124B71F9C291A00433E64 /* FocusSquareSegment.swift */ = {isa = PBXFileReference; fileEncoding = 4; lastKnownFileType = sourcecode.swift; path = FocusSquareSegment.swift; sourceTree = "<group>"; };
		7E1124B91F9C291A00433E64 /* Gesture.swift */ = {isa = PBXFileReference; fileEncoding = 4; lastKnownFileType = sourcecode.swift; path = Gesture.swift; sourceTree = "<group>"; };
		7E1124BA1F9C291A00433E64 /* SingleFingerGesture.swift */ = {isa = PBXFileReference; fileEncoding = 4; lastKnownFileType = sourcecode.swift; path = SingleFingerGesture.swift; sourceTree = "<group>"; };
		7E1124BB1F9C291A00433E64 /* TwoFingerGesture.swift */ = {isa = PBXFileReference; fileEncoding = 4; lastKnownFileType = sourcecode.swift; path = TwoFingerGesture.swift; sourceTree = "<group>"; };
		7E1124BC1F9C291A00433E64 /* Plane.swift */ = {isa = PBXFileReference; fileEncoding = 4; lastKnownFileType = sourcecode.swift; path = Plane.swift; sourceTree = "<group>"; };
		7E1124BE1F9C291B00433E64 /* ARSCNView+HitTests.swift */ = {isa = PBXFileReference; fileEncoding = 4; lastKnownFileType = sourcecode.swift; path = "ARSCNView+HitTests.swift"; sourceTree = "<group>"; };
		7E1124BF1F9C291B00433E64 /* SceneExtensions.swift */ = {isa = PBXFileReference; fileEncoding = 4; lastKnownFileType = sourcecode.swift; path = SceneExtensions.swift; sourceTree = "<group>"; };
		7E1124C01F9C291B00433E64 /* TextManager.swift */ = {isa = PBXFileReference; fileEncoding = 4; lastKnownFileType = sourcecode.swift; path = TextManager.swift; sourceTree = "<group>"; };
		7E1124C11F9C291B00433E64 /* Utilities.swift */ = {isa = PBXFileReference; fileEncoding = 4; lastKnownFileType = sourcecode.swift; path = Utilities.swift; sourceTree = "<group>"; };
		7E1124C41F9C291B00433E64 /* Base */ = {isa = PBXFileReference; lastKnownFileType = file.storyboard; name = Base; path = Main.storyboard; sourceTree = "<group>"; };
		7E1124C61F9C291B00433E64 /* Assets.xcassets */ = {isa = PBXFileReference; lastKnownFileType = folder.assetcatalog; path = Assets.xcassets; sourceTree = "<group>"; };
		7E1124C81F9C291B00433E64 /* LaunchScreen.storyboard */ = {isa = PBXFileReference; fileEncoding = 4; lastKnownFileType = file.storyboard; path = LaunchScreen.storyboard; sourceTree = "<group>"; };
		7E1124C91F9C291B00433E64 /* Models.scnassets */ = {isa = PBXFileReference; lastKnownFileType = wrapper.scnassets; path = Models.scnassets; sourceTree = "<group>"; };
		7E1124DC1F9C292200433E64 /* VirtualObjectManager.swift */ = {isa = PBXFileReference; fileEncoding = 4; lastKnownFileType = sourcecode.swift; path = VirtualObjectManager.swift; sourceTree = "<group>"; };
		7E1124DD1F9C292200433E64 /* VirtualObjects.json */ = {isa = PBXFileReference; fileEncoding = 4; lastKnownFileType = text.json; path = VirtualObjects.json; sourceTree = "<group>"; };
		7E1124DF1F9C292200433E64 /* SearchViewController.swift */ = {isa = PBXFileReference; fileEncoding = 4; lastKnownFileType = sourcecode.swift; path = SearchViewController.swift; sourceTree = "<group>"; };
		7E1124E31F9C292B00433E64 /* VirtualObject.swift */ = {isa = PBXFileReference; fileEncoding = 4; lastKnownFileType = sourcecode.swift; path = VirtualObject.swift; sourceTree = "<group>"; };
		7E1124E51F9C294200433E64 /* ViewController.swift */ = {isa = PBXFileReference; fileEncoding = 4; lastKnownFileType = sourcecode.swift; path = ViewController.swift; sourceTree = "<group>"; };
		7E1124E61F9C294200433E64 /* ViewController+ARSCNViewDelegate.swift */ = {isa = PBXFileReference; fileEncoding = 4; lastKnownFileType = sourcecode.swift; path = "ViewController+ARSCNViewDelegate.swift"; sourceTree = "<group>"; };
		7E1124E71F9C294200433E64 /* ViewController+ObjectSelection.swift */ = {isa = PBXFileReference; fileEncoding = 4; lastKnownFileType = sourcecode.swift; path = "ViewController+ObjectSelection.swift"; sourceTree = "<group>"; };
		7E1124E81F9C294200433E64 /* AppDelegate.swift */ = {isa = PBXFileReference; fileEncoding = 4; lastKnownFileType = sourcecode.swift; path = AppDelegate.swift; sourceTree = "<group>"; };
		7E1124E91F9C294200433E64 /* ViewController+Actions.swift */ = {isa = PBXFileReference; fileEncoding = 4; lastKnownFileType = sourcecode.swift; path = "ViewController+Actions.swift"; sourceTree = "<group>"; };
		7E1124F11F9C29AD00433E64 /* Info.plist */ = {isa = PBXFileReference; fileEncoding = 4; lastKnownFileType = text.plist.xml; path = Info.plist; sourceTree = "<group>"; };
		7E5300DF1F9C25C2000C0113 /* ARShop.app */ = {isa = PBXFileReference; explicitFileType = wrapper.application; includeInIndex = 0; path = ARShop.app; sourceTree = BUILT_PRODUCTS_DIR; };
		9648A883BB60EC247ABF4F8A /* Pods-ARShop.debug.xcconfig */ = {isa = PBXFileReference; includeInIndex = 1; lastKnownFileType = text.xcconfig; name = "Pods-ARShop.debug.xcconfig"; path = "Pods/Target Support Files/Pods-ARShop/Pods-ARShop.debug.xcconfig"; sourceTree = "<group>"; };
		F9322C1438CF2573F421ACFB /* Pods_ARShop.framework */ = {isa = PBXFileReference; explicitFileType = wrapper.framework; includeInIndex = 0; path = Pods_ARShop.framework; sourceTree = BUILT_PRODUCTS_DIR; };
/* End PBXFileReference section */

/* Begin PBXFrameworksBuildPhase section */
		7E5300DC1F9C25C2000C0113 /* Frameworks */ = {
			isa = PBXFrameworksBuildPhase;
			buildActionMask = 2147483647;
			files = (
				DD3989AA19B3A2486A7382E8 /* Pods_ARShop.framework in Frameworks */,
			);
			runOnlyForDeploymentPostprocessing = 0;
		};
/* End PBXFrameworksBuildPhase section */

/* Begin PBXGroup section */
		547A302C53602A06EB5F99E7 /* Pods */ = {
			isa = PBXGroup;
			children = (
				9648A883BB60EC247ABF4F8A /* Pods-ARShop.debug.xcconfig */,
				32D4667A6F066754B9E4293D /* Pods-ARShop.release.xcconfig */,
			);
			name = Pods;
			sourceTree = "<group>";
		};
		7E1124AC1F9C290D00433E64 /* Additional View Controllers */ = {
			isa = PBXGroup;
			children = (
				7E1124AD1F9C290D00433E64 /* SettingsViewController.swift */,
				7E1124AE1F9C290D00433E64 /* VirtualObjectSelectionViewController.swift */,
			);
			path = "Additional View Controllers";
			sourceTree = "<group>";
		};
		7E1124B11F9C291A00433E64 /* Extensions */ = {
			isa = PBXGroup;
			children = (
				7E1124B21F9C291A00433E64 /* UIColorExtension.swift */,
				7E1124B31F9C291A00433E64 /* UIViewExtension.swift */,
			);
			path = Extensions;
			sourceTree = "<group>";
		};
		7E1124B41F9C291A00433E64 /* UI Elements */ = {
			isa = PBXGroup;
			children = (
				7E1124B51F9C291A00433E64 /* Focus Squares */,
				7E1124B81F9C291A00433E64 /* Gestures */,
				7E1124BC1F9C291A00433E64 /* Plane.swift */,
			);
			path = "UI Elements";
			sourceTree = "<group>";
		};
		7E1124B51F9C291A00433E64 /* Focus Squares */ = {
			isa = PBXGroup;
			children = (
				7E1124B61F9C291A00433E64 /* FocusSquare.swift */,
				7E1124B71F9C291A00433E64 /* FocusSquareSegment.swift */,
			);
			path = "Focus Squares";
			sourceTree = "<group>";
		};
		7E1124B81F9C291A00433E64 /* Gestures */ = {
			isa = PBXGroup;
			children = (
				7E1124B91F9C291A00433E64 /* Gesture.swift */,
				7E1124BA1F9C291A00433E64 /* SingleFingerGesture.swift */,
				7E1124BB1F9C291A00433E64 /* TwoFingerGesture.swift */,
			);
			path = Gestures;
			sourceTree = "<group>";
		};
		7E1124BD1F9C291B00433E64 /* Utilities */ = {
			isa = PBXGroup;
			children = (
				7E1124BE1F9C291B00433E64 /* ARSCNView+HitTests.swift */,
				7E1124BF1F9C291B00433E64 /* SceneExtensions.swift */,
				7E1124C01F9C291B00433E64 /* TextManager.swift */,
				7E1124C11F9C291B00433E64 /* Utilities.swift */,
			);
			path = Utilities;
			sourceTree = "<group>";
		};
		7E1124C21F9C291B00433E64 /* Base.lproj */ = {
			isa = PBXGroup;
			children = (
				7E1124C31F9C291B00433E64 /* Main.storyboard */,
			);
			name = Base.lproj;
			path = ../../../../Desktop/ARShop/ARKitExample/Base.lproj;
			sourceTree = "<group>";
		};
		7E1124C51F9C291B00433E64 /* Resources */ = {
			isa = PBXGroup;
			children = (
				7E1124C61F9C291B00433E64 /* Assets.xcassets */,
				7E1124C81F9C291B00433E64 /* LaunchScreen.storyboard */,
				7E1124C91F9C291B00433E64 /* Models.scnassets */,
			);
			name = Resources;
			path = ../../../../Desktop/ARShop/ARKitExample/Resources;
			sourceTree = "<group>";
		};
		7E1124DB1F9C292200433E64 /* Virtual Objects */ = {
			isa = PBXGroup;
			children = (
				7E1124DC1F9C292200433E64 /* VirtualObjectManager.swift */,
				7E1124DD1F9C292200433E64 /* VirtualObjects.json */,
			);
			path = "Virtual Objects";
			sourceTree = "<group>";
		};
		7E1124DE1F9C292200433E64 /* ViewControllers */ = {
			isa = PBXGroup;
			children = (
				7E1124DF1F9C292200433E64 /* SearchViewController.swift */,
			);
			path = ViewControllers;
			sourceTree = "<group>";
		};
		7E5300D61F9C25C2000C0113 = {
			isa = PBXGroup;
			children = (
				7E5300E11F9C25C2000C0113 /* ARShop */,
				7E5300E01F9C25C2000C0113 /* Products */,
				547A302C53602A06EB5F99E7 /* Pods */,
				CCB064214A282419FBFA235C /* Frameworks */,
			);
			sourceTree = "<group>";
		};
		7E5300E01F9C25C2000C0113 /* Products */ = {
			isa = PBXGroup;
			children = (
				7E5300DF1F9C25C2000C0113 /* ARShop.app */,
			);
			name = Products;
			sourceTree = "<group>";
		};
		7E5300E11F9C25C2000C0113 /* ARShop */ = {
			isa = PBXGroup;
			children = (
				7E1124F11F9C29AD00433E64 /* Info.plist */,
				7E1124E81F9C294200433E64 /* AppDelegate.swift */,
				7E1124E51F9C294200433E64 /* ViewController.swift */,
				7E1124E91F9C294200433E64 /* ViewController+Actions.swift */,
				7E1124E61F9C294200433E64 /* ViewController+ARSCNViewDelegate.swift */,
				7E1124E71F9C294200433E64 /* ViewController+ObjectSelection.swift */,
				7E1124E31F9C292B00433E64 /* VirtualObject.swift */,
				7E1124DE1F9C292200433E64 /* ViewControllers */,
				7E1124DB1F9C292200433E64 /* Virtual Objects */,
				7E1124C21F9C291B00433E64 /* Base.lproj */,
				7E1124B11F9C291A00433E64 /* Extensions */,
				7E1124C51F9C291B00433E64 /* Resources */,
				7E1124B41F9C291A00433E64 /* UI Elements */,
				7E1124BD1F9C291B00433E64 /* Utilities */,
				7E1124AC1F9C290D00433E64 /* Additional View Controllers */,
			);
			path = ARShop;
			sourceTree = "<group>";
		};
		CCB064214A282419FBFA235C /* Frameworks */ = {
			isa = PBXGroup;
			children = (
				F9322C1438CF2573F421ACFB /* Pods_ARShop.framework */,
			);
			name = Frameworks;
			sourceTree = "<group>";
		};
/* End PBXGroup section */

/* Begin PBXNativeTarget section */
		7E5300DE1F9C25C2000C0113 /* ARShop */ = {
			isa = PBXNativeTarget;
			buildConfigurationList = 7E5300F11F9C25C2000C0113 /* Build configuration list for PBXNativeTarget "ARShop" */;
			buildPhases = (
				5DD450A2426856CFB6C9293B /* [CP] Check Pods Manifest.lock */,
				7E5300DB1F9C25C2000C0113 /* Sources */,
				7E5300DC1F9C25C2000C0113 /* Frameworks */,
				7E5300DD1F9C25C2000C0113 /* Resources */,
				CC1E3BD975449A9B830DF086 /* [CP] Embed Pods Frameworks */,
				ECBB72C2F431123AD5CB9FAA /* [CP] Copy Pods Resources */,
			);
			buildRules = (
			);
			dependencies = (
			);
			name = ARShop;
			productName = ARShop;
			productReference = 7E5300DF1F9C25C2000C0113 /* ARShop.app */;
			productType = "com.apple.product-type.application";
		};
/* End PBXNativeTarget section */

/* Begin PBXProject section */
		7E5300D71F9C25C2000C0113 /* Project object */ = {
			isa = PBXProject;
			attributes = {
				LastSwiftUpdateCheck = 0900;
				LastUpgradeCheck = 0900;
				ORGANIZATIONNAME = cameronmoreau;
				TargetAttributes = {
					7E5300DE1F9C25C2000C0113 = {
						CreatedOnToolsVersion = 9.0.1;
						ProvisioningStyle = Automatic;
					};
				};
			};
			buildConfigurationList = 7E5300DA1F9C25C2000C0113 /* Build configuration list for PBXProject "ARShop" */;
			compatibilityVersion = "Xcode 8.0";
			developmentRegion = en;
			hasScannedForEncodings = 0;
			knownRegions = (
				en,
				Base,
			);
			mainGroup = 7E5300D61F9C25C2000C0113;
			productRefGroup = 7E5300E01F9C25C2000C0113 /* Products */;
			projectDirPath = "";
			projectRoot = "";
			targets = (
				7E5300DE1F9C25C2000C0113 /* ARShop */,
			);
		};
/* End PBXProject section */

/* Begin PBXResourcesBuildPhase section */
		7E5300DD1F9C25C2000C0113 /* Resources */ = {
			isa = PBXResourcesBuildPhase;
			buildActionMask = 2147483647;
			files = (
				7E1124DA1F9C291B00433E64 /* Models.scnassets in Resources */,
				7E1124D91F9C291B00433E64 /* LaunchScreen.storyboard in Resources */,
				7E1124F21F9C29AD00433E64 /* Info.plist in Resources */,
				7E1124E11F9C292200433E64 /* VirtualObjects.json in Resources */,
				7E1124D61F9C291B00433E64 /* Main.storyboard in Resources */,
				7E1124D71F9C291B00433E64 /* Assets.xcassets in Resources */,
			);
			runOnlyForDeploymentPostprocessing = 0;
		};
/* End PBXResourcesBuildPhase section */

/* Begin PBXShellScriptBuildPhase section */
		5DD450A2426856CFB6C9293B /* [CP] Check Pods Manifest.lock */ = {
			isa = PBXShellScriptBuildPhase;
			buildActionMask = 2147483647;
			files = (
			);
			inputPaths = (
				"${PODS_PODFILE_DIR_PATH}/Podfile.lock",
				"${PODS_ROOT}/Manifest.lock",
			);
			name = "[CP] Check Pods Manifest.lock";
			outputPaths = (
				"$(DERIVED_FILE_DIR)/Pods-ARShop-checkManifestLockResult.txt",
			);
			runOnlyForDeploymentPostprocessing = 0;
			shellPath = /bin/sh;
			shellScript = "diff \"${PODS_PODFILE_DIR_PATH}/Podfile.lock\" \"${PODS_ROOT}/Manifest.lock\" > /dev/null\nif [ $? != 0 ] ; then\n    # print error to STDERR\n    echo \"error: The sandbox is not in sync with the Podfile.lock. Run 'pod install' or update your CocoaPods installation.\" >&2\n    exit 1\nfi\n# This output is used by Xcode 'outputs' to avoid re-running this script phase.\necho \"SUCCESS\" > \"${SCRIPT_OUTPUT_FILE_0}\"\n";
			showEnvVarsInLog = 0;
		};
		CC1E3BD975449A9B830DF086 /* [CP] Embed Pods Frameworks */ = {
			isa = PBXShellScriptBuildPhase;
			buildActionMask = 2147483647;
			files = (
			);
			inputPaths = (
				"${SRCROOT}/Pods/Target Support Files/Pods-ARShop/Pods-ARShop-frameworks.sh",
				"${BUILT_PRODUCTS_DIR}/Alamofire/Alamofire.framework",
				"${BUILT_PRODUCTS_DIR}/Spring/Spring.framework",
				"${BUILT_PRODUCTS_DIR}/SwiftyJSON/SwiftyJSON.framework",
			);
			name = "[CP] Embed Pods Frameworks";
			outputPaths = (
				"${TARGET_BUILD_DIR}/${FRAMEWORKS_FOLDER_PATH}/Alamofire.framework",
				"${TARGET_BUILD_DIR}/${FRAMEWORKS_FOLDER_PATH}/Spring.framework",
				"${TARGET_BUILD_DIR}/${FRAMEWORKS_FOLDER_PATH}/SwiftyJSON.framework",
			);
			runOnlyForDeploymentPostprocessing = 0;
			shellPath = /bin/sh;
			shellScript = "\"${SRCROOT}/Pods/Target Support Files/Pods-ARShop/Pods-ARShop-frameworks.sh\"\n";
			showEnvVarsInLog = 0;
		};
		ECBB72C2F431123AD5CB9FAA /* [CP] Copy Pods Resources */ = {
			isa = PBXShellScriptBuildPhase;
			buildActionMask = 2147483647;
			files = (
			);
			inputPaths = (
			);
			name = "[CP] Copy Pods Resources";
			outputPaths = (
			);
			runOnlyForDeploymentPostprocessing = 0;
			shellPath = /bin/sh;
			shellScript = "\"${SRCROOT}/Pods/Target Support Files/Pods-ARShop/Pods-ARShop-resources.sh\"\n";
			showEnvVarsInLog = 0;
		};
/* End PBXShellScriptBuildPhase section */

/* Begin PBXSourcesBuildPhase section */
		7E5300DB1F9C25C2000C0113 /* Sources */ = {
			isa = PBXSourcesBuildPhase;
			buildActionMask = 2147483647;
			files = (
				7E1124CB1F9C291B00433E64 /* UIViewExtension.swift in Sources */,
				7E1124CC1F9C291B00433E64 /* FocusSquare.swift in Sources */,
				7E1124E41F9C292B00433E64 /* VirtualObject.swift in Sources */,
				7E1124E01F9C292200433E64 /* VirtualObjectManager.swift in Sources */,
				7E1124D41F9C291B00433E64 /* TextManager.swift in Sources */,
				7E1124B01F9C290D00433E64 /* VirtualObjectSelectionViewController.swift in Sources */,
				7E1124CE1F9C291B00433E64 /* Gesture.swift in Sources */,
				7E1124D31F9C291B00433E64 /* SceneExtensions.swift in Sources */,
				7E1124D51F9C291B00433E64 /* Utilities.swift in Sources */,
				7E1124CA1F9C291B00433E64 /* UIColorExtension.swift in Sources */,
				7E1124EB1F9C294200433E64 /* ViewController+ARSCNViewDelegate.swift in Sources */,
				7E1124D21F9C291B00433E64 /* ARSCNView+HitTests.swift in Sources */,
				7E1124E21F9C292200433E64 /* SearchViewController.swift in Sources */,
				7E1124EA1F9C294200433E64 /* ViewController.swift in Sources */,
				7E1124AF1F9C290D00433E64 /* SettingsViewController.swift in Sources */,
				7E1124CF1F9C291B00433E64 /* SingleFingerGesture.swift in Sources */,
				7E1124D01F9C291B00433E64 /* TwoFingerGesture.swift in Sources */,
				7E1124D11F9C291B00433E64 /* Plane.swift in Sources */,
				7E1124EE1F9C294200433E64 /* ViewController+Actions.swift in Sources */,
				7E1124ED1F9C294200433E64 /* AppDelegate.swift in Sources */,
				7E1124EC1F9C294200433E64 /* ViewController+ObjectSelection.swift in Sources */,
				7E1124CD1F9C291B00433E64 /* FocusSquareSegment.swift in Sources */,
			);
			runOnlyForDeploymentPostprocessing = 0;
		};
/* End PBXSourcesBuildPhase section */

/* Begin PBXVariantGroup section */
		7E1124C31F9C291B00433E64 /* Main.storyboard */ = {
			isa = PBXVariantGroup;
			children = (
				7E1124C41F9C291B00433E64 /* Base */,
			);
			name = Main.storyboard;
			sourceTree = "<group>";
		};
/* End PBXVariantGroup section */

/* Begin XCBuildConfiguration section */
		7E5300EF1F9C25C2000C0113 /* Debug */ = {
			isa = XCBuildConfiguration;
			buildSettings = {
				ALWAYS_SEARCH_USER_PATHS = NO;
				CLANG_ANALYZER_NONNULL = YES;
				CLANG_ANALYZER_NUMBER_OBJECT_CONVERSION = YES_AGGRESSIVE;
				CLANG_CXX_LANGUAGE_STANDARD = "gnu++14";
				CLANG_CXX_LIBRARY = "libc++";
				CLANG_ENABLE_MODULES = YES;
				CLANG_ENABLE_OBJC_ARC = YES;
				CLANG_WARN_BLOCK_CAPTURE_AUTORELEASING = YES;
				CLANG_WARN_BOOL_CONVERSION = YES;
				CLANG_WARN_COMMA = YES;
				CLANG_WARN_CONSTANT_CONVERSION = YES;
				CLANG_WARN_DIRECT_OBJC_ISA_USAGE = YES_ERROR;
				CLANG_WARN_DOCUMENTATION_COMMENTS = YES;
				CLANG_WARN_EMPTY_BODY = YES;
				CLANG_WARN_ENUM_CONVERSION = YES;
				CLANG_WARN_INFINITE_RECURSION = YES;
				CLANG_WARN_INT_CONVERSION = YES;
				CLANG_WARN_NON_LITERAL_NULL_CONVERSION = YES;
				CLANG_WARN_OBJC_LITERAL_CONVERSION = YES;
				CLANG_WARN_OBJC_ROOT_CLASS = YES_ERROR;
				CLANG_WARN_RANGE_LOOP_ANALYSIS = YES;
				CLANG_WARN_STRICT_PROTOTYPES = YES;
				CLANG_WARN_SUSPICIOUS_MOVE = YES;
				CLANG_WARN_UNGUARDED_AVAILABILITY = YES_AGGRESSIVE;
				CLANG_WARN_UNREACHABLE_CODE = YES;
				CLANG_WARN__DUPLICATE_METHOD_MATCH = YES;
				CODE_SIGN_IDENTITY = "iPhone Developer";
				COPY_PHASE_STRIP = NO;
				DEBUG_INFORMATION_FORMAT = dwarf;
				ENABLE_STRICT_OBJC_MSGSEND = YES;
				ENABLE_TESTABILITY = YES;
				GCC_C_LANGUAGE_STANDARD = gnu11;
				GCC_DYNAMIC_NO_PIC = NO;
				GCC_NO_COMMON_BLOCKS = YES;
				GCC_OPTIMIZATION_LEVEL = 0;
				GCC_PREPROCESSOR_DEFINITIONS = (
					"DEBUG=1",
					"$(inherited)",
				);
				GCC_WARN_64_TO_32_BIT_CONVERSION = YES;
				GCC_WARN_ABOUT_RETURN_TYPE = YES_ERROR;
				GCC_WARN_UNDECLARED_SELECTOR = YES;
				GCC_WARN_UNINITIALIZED_AUTOS = YES_AGGRESSIVE;
				GCC_WARN_UNUSED_FUNCTION = YES;
				GCC_WARN_UNUSED_VARIABLE = YES;
				IPHONEOS_DEPLOYMENT_TARGET = 11.0;
				MTL_ENABLE_DEBUG_INFO = YES;
				ONLY_ACTIVE_ARCH = YES;
				SDKROOT = iphoneos;
				SWIFT_ACTIVE_COMPILATION_CONDITIONS = DEBUG;
				SWIFT_OPTIMIZATION_LEVEL = "-Onone";
			};
			name = Debug;
		};
		7E5300F01F9C25C2000C0113 /* Release */ = {
			isa = XCBuildConfiguration;
			buildSettings = {
				ALWAYS_SEARCH_USER_PATHS = NO;
				CLANG_ANALYZER_NONNULL = YES;
				CLANG_ANALYZER_NUMBER_OBJECT_CONVERSION = YES_AGGRESSIVE;
				CLANG_CXX_LANGUAGE_STANDARD = "gnu++14";
				CLANG_CXX_LIBRARY = "libc++";
				CLANG_ENABLE_MODULES = YES;
				CLANG_ENABLE_OBJC_ARC = YES;
				CLANG_WARN_BLOCK_CAPTURE_AUTORELEASING = YES;
				CLANG_WARN_BOOL_CONVERSION = YES;
				CLANG_WARN_COMMA = YES;
				CLANG_WARN_CONSTANT_CONVERSION = YES;
				CLANG_WARN_DIRECT_OBJC_ISA_USAGE = YES_ERROR;
				CLANG_WARN_DOCUMENTATION_COMMENTS = YES;
				CLANG_WARN_EMPTY_BODY = YES;
				CLANG_WARN_ENUM_CONVERSION = YES;
				CLANG_WARN_INFINITE_RECURSION = YES;
				CLANG_WARN_INT_CONVERSION = YES;
				CLANG_WARN_NON_LITERAL_NULL_CONVERSION = YES;
				CLANG_WARN_OBJC_LITERAL_CONVERSION = YES;
				CLANG_WARN_OBJC_ROOT_CLASS = YES_ERROR;
				CLANG_WARN_RANGE_LOOP_ANALYSIS = YES;
				CLANG_WARN_STRICT_PROTOTYPES = YES;
				CLANG_WARN_SUSPICIOUS_MOVE = YES;
				CLANG_WARN_UNGUARDED_AVAILABILITY = YES_AGGRESSIVE;
				CLANG_WARN_UNREACHABLE_CODE = YES;
				CLANG_WARN__DUPLICATE_METHOD_MATCH = YES;
				CODE_SIGN_IDENTITY = "iPhone Developer";
				COPY_PHASE_STRIP = NO;
				DEBUG_INFORMATION_FORMAT = "dwarf-with-dsym";
				ENABLE_NS_ASSERTIONS = NO;
				ENABLE_STRICT_OBJC_MSGSEND = YES;
				GCC_C_LANGUAGE_STANDARD = gnu11;
				GCC_NO_COMMON_BLOCKS = YES;
				GCC_WARN_64_TO_32_BIT_CONVERSION = YES;
				GCC_WARN_ABOUT_RETURN_TYPE = YES_ERROR;
				GCC_WARN_UNDECLARED_SELECTOR = YES;
				GCC_WARN_UNINITIALIZED_AUTOS = YES_AGGRESSIVE;
				GCC_WARN_UNUSED_FUNCTION = YES;
				GCC_WARN_UNUSED_VARIABLE = YES;
				IPHONEOS_DEPLOYMENT_TARGET = 11.0;
				MTL_ENABLE_DEBUG_INFO = NO;
				SDKROOT = iphoneos;
				SWIFT_OPTIMIZATION_LEVEL = "-Owholemodule";
				VALIDATE_PRODUCT = YES;
			};
			name = Release;
		};
		7E5300F21F9C25C2000C0113 /* Debug */ = {
			isa = XCBuildConfiguration;
			baseConfigurationReference = 9648A883BB60EC247ABF4F8A /* Pods-ARShop.debug.xcconfig */;
			buildSettings = {
				ASSETCATALOG_COMPILER_APPICON_NAME = AppIcon;
				CODE_SIGN_STYLE = Automatic;
				DEVELOPMENT_TEAM = W73S6RNNDW;
				INFOPLIST_FILE = ARShop/Info.plist;
				LD_RUNPATH_SEARCH_PATHS = "$(inherited) @executable_path/Frameworks";
				PRODUCT_BUNDLE_IDENTIFIER = org.cameronmoreau.ARShoptmo;
				PRODUCT_NAME = "$(TARGET_NAME)";
				SWIFT_VERSION = 4.0;
				TARGETED_DEVICE_FAMILY = "1,2";
			};
			name = Debug;
		};
		7E5300F31F9C25C2000C0113 /* Release */ = {
			isa = XCBuildConfiguration;
			baseConfigurationReference = 32D4667A6F066754B9E4293D /* Pods-ARShop.release.xcconfig */;
			buildSettings = {
				ASSETCATALOG_COMPILER_APPICON_NAME = AppIcon;
				CODE_SIGN_STYLE = Automatic;
				DEVELOPMENT_TEAM = W73S6RNNDW;
				INFOPLIST_FILE = ARShop/Info.plist;
				LD_RUNPATH_SEARCH_PATHS = "$(inherited) @executable_path/Frameworks";
				PRODUCT_BUNDLE_IDENTIFIER = org.cameronmoreau.ARShoptmo;
				PRODUCT_NAME = "$(TARGET_NAME)";
				SWIFT_VERSION = 4.0;
				TARGETED_DEVICE_FAMILY = "1,2";
			};
			name = Release;
		};
/* End XCBuildConfiguration section */

/* Begin XCConfigurationList section */
		7E5300DA1F9C25C2000C0113 /* Build configuration list for PBXProject "ARShop" */ = {
			isa = XCConfigurationList;
			buildConfigurations = (
				7E5300EF1F9C25C2000C0113 /* Debug */,
				7E5300F01F9C25C2000C0113 /* Release */,
			);
			defaultConfigurationIsVisible = 0;
			defaultConfigurationName = Release;
		};
		7E5300F11F9C25C2000C0113 /* Build configuration list for PBXNativeTarget "ARShop" */ = {
			isa = XCConfigurationList;
			buildConfigurations = (
				7E5300F21F9C25C2000C0113 /* Debug */,
				7E5300F31F9C25C2000C0113 /* Release */,
			);
			defaultConfigurationIsVisible = 0;
			defaultConfigurationName = Release;
		};
/* End XCConfigurationList section */
	};
	rootObject = 7E5300D71F9C25C2000C0113 /* Project object */;
}
